GEM
  remote: https://rubygems.org/
  specs:
    connection_pool (2.5.5)
    json (2.3.0)
    rack (3.2.4)
    rack-cache (1.17.0)
      rack (>= 0.4)
    redis (5.4.1)
      redis-client (>= 0.22.0)
    redis-client (0.26.4)
      connection_pool
    redis-rack-cache (2.0.2)
      rack-cache (>= 1.6, < 2)
      redis-store (>= 1.2, < 2)
    redis-store (1.11.0)
      redis (>= 4, < 6)

PLATFORMS
  ruby

DEPENDENCIES
  json (= 2.3.0)
  redis-rack-cache (= 2.0.2)

BUNDLED WITH
   2.3.27
